
Microsoft Visual Studio Solution File, Format Version 12.00
# Visual Studio Version 17
VisualStudioVersion = 17.0.31903.59
MinimumVisualStudioVersion = 10.0.40219.1
Project("{2150E333-8FDC-42A3-9474-1A3956D46DE8}") = "server", "server", "{DAD03CFC-D5FA-AC94-41C7-9ABAB326F09E}"
EndProject
Project("{FAE04EC0-301F-11D3-BF4B-00C04F79EFBC}") = "BookQuotes.Api", "server\BookQuotes.Api.csproj", "{52A588A0-B40D-4A73-AC2F-C9EF4488052F}"
EndProject
Project("{FAE04EC0-301F-11D3-BF4B-00C04F79EFBC}") = "BookQuotes.Tests", "tests\BookQuotes.Tests.csproj", "{352B4657-1EA8-4400-9A3E-B0CD252385CF}"
EndProject
Global
	GlobalSection(SolutionConfigurationPlatforms) = preSolution
		Debug|Any CPU = Debug|Any CPU
		Debug|x64 = Debug|x64
		Debug|x86 = Debug|x86
		Release|Any CPU = Release|Any CPU
		Release|x64 = Release|x64
		Release|x86 = Release|x86
	EndGlobalSection
	GlobalSection(ProjectConfigurationPlatforms) = postSolution
		{52A588A0-B40D-4A73-AC2F-C9EF4488052F}.Debug|Any CPU.ActiveCfg = Debug|Any CPU
		{52A588A0-B40D-4A73-AC2F-C9EF4488052F}.Debug|Any CPU.Build.0 = Debug|Any CPU
		{52A588A0-B40D-4A73-AC2F-C9EF4488052F}.Debug|x64.ActiveCfg = Debug|Any CPU
		{52A588A0-B40D-4A73-AC2F-C9EF4488052F}.Debug|x64.Build.0 = Debug|Any CPU
		{52A588A0-B40D-4A73-AC2F-C9EF4488052F}.Debug|x86.ActiveCfg = Debug|Any CPU
		{52A588A0-B40D-4A73-AC2F-C9EF4488052F}.Debug|x86.Build.0 = Debug|Any CPU
		{52A588A0-B40D-4A73-AC2F-C9EF4488052F}.Release|Any CPU.ActiveCfg = Release|Any CPU
		{52A588A0-B40D-4A73-AC2F-C9EF4488052F}.Release|Any CPU.Build.0 = Release|Any CPU
		{52A588A0-B40D-4A73-AC2F-C9EF4488052F}.Release|x64.ActiveCfg = Release|Any CPU
		{52A588A0-B40D-4A73-AC2F-C9EF4488052F}.Release|x64.Build.0 = Release|Any CPU
		{52A588A0-B40D-4A73-AC2F-C9EF4488052F}.Release|x86.ActiveCfg = Release|Any CPU
		{52A588A0-B40D-4A73-AC2F-C9EF4488052F}.Release|x86.Build.0 = Release|Any CPU
		{352B4657-1EA8-4400-9A3E-B0CD252385CF}.Debug|Any CPU.ActiveCfg = Debug|Any CPU
		{352B4657-1EA8-4400-9A3E-B0CD252385CF}.Debug|Any CPU.Build.0 = Debug|Any CPU
		{352B4657-1EA8-4400-9A3E-B0CD252385CF}.Debug|x64.ActiveCfg = Debug|Any CPU
		{352B4657-1EA8-4400-9A3E-B0CD252385CF}.Debug|x64.Build.0 = Debug|Any CPU
		{352B4657-1EA8-4400-9A3E-B0CD252385CF}.Debug|x86.ActiveCfg = Debug|Any CPU
		{352B4657-1EA8-4400-9A3E-B0CD252385CF}.Debug|x86.Build.0 = Debug|Any CPU
		{352B4657-1EA8-4400-9A3E-B0CD252385CF}.Release|Any CPU.ActiveCfg = Release|Any CPU
		{352B4657-1EA8-4400-9A3E-B0CD252385CF}.Release|Any CPU.Build.0 = Release|Any CPU
		{352B4657-1EA8-4400-9A3E-B0CD252385CF}.Release|x64.ActiveCfg = Release|Any CPU
		{352B4657-1EA8-4400-9A3E-B0CD252385CF}.Release|x64.Build.0 = Release|Any CPU
		{352B4657-1EA8-4400-9A3E-B0CD252385CF}.Release|x86.ActiveCfg = Release|Any CPU
		{352B4657-1EA8-4400-9A3E-B0CD252385CF}.Release|x86.Build.0 = Release|Any CPU
	EndGlobalSection
	GlobalSection(SolutionProperties) = preSolution
		HideSolutionNode = FALSE
	EndGlobalSection
	GlobalSection(NestedProjects) = preSolution
		{52A588A0-B40D-4A73-AC2F-C9EF4488052F} = {DAD03CFC-D5FA-AC94-41C7-9ABAB326F09E}
		{352B4657-1EA8-4400-9A3E-B0CD252385CF} = {DAD03CFC-D5FA-AC94-41C7-9ABAB326F09E}
	EndGlobalSection
EndGlobal
